
Microsoft Visual Studio Solution File, Format Version 12.00
# Visual Studio Version 16
VisualStudioVersion = 16.0.32602.291
MinimumVisualStudioVersion = 10.0.40219.1
Project("{FAE04EC0-301F-11D3-BF4B-00C04F79EFBC}") = "01. Convert Meters to Kilometers", "01. Convert Meters to Kilometers.csproj", "{8D95AAA9-C633-414A-9740-B8A96FDB25F3}"
EndProject
Project("{FAE04EC0-301F-11D3-BF4B-00C04F79EFBC}") = "02. Pounds to Dollars", "..\02. Pounds to Dollars\02. Pounds to Dollars.csproj", "{BDCF5388-7C5A-4122-B6B4-2AB5CED8E555}"
EndProject
Project("{FAE04EC0-301F-11D3-BF4B-00C04F79EFBC}") = "03. Exact Sum of Real Numbers", "..\03. Exact Sum of Real Numbers\03. Exact Sum of Real Numbers.csproj", "{20A2D203-2F21-4A90-8AD6-3FE92F028214}"
EndProject
Project("{FAE04EC0-301F-11D3-BF4B-00C04F79EFBC}") = "04. Centuries to Minutes", "..\04. Centuries to Minutes\04. Centuries to Minutes.csproj", "{87977881-3961-4FCD-BF6E-051300867F3B}"
EndProject
Global
	GlobalSection(SolutionConfigurationPlatforms) = preSolution
		Debug|Any CPU = Debug|Any CPU
		Release|Any CPU = Release|Any CPU
	EndGlobalSection
	GlobalSection(ProjectConfigurationPlatforms) = postSolution
		{8D95AAA9-C633-414A-9740-B8A96FDB25F3}.Debug|Any CPU.ActiveCfg = Debug|Any CPU
		{8D95AAA9-C633-414A-9740-B8A96FDB25F3}.Debug|Any CPU.Build.0 = Debug|Any CPU
		{8D95AAA9-C633-414A-9740-B8A96FDB25F3}.Release|Any CPU.ActiveCfg = Release|Any CPU
		{8D95AAA9-C633-414A-9740-B8A96FDB25F3}.Release|Any CPU.Build.0 = Release|Any CPU
		{BDCF5388-7C5A-4122-B6B4-2AB5CED8E555}.Debug|Any CPU.ActiveCfg = Debug|Any CPU
		{BDCF5388-7C5A-4122-B6B4-2AB5CED8E555}.Debug|Any CPU.Build.0 = Debug|Any CPU
		{BDCF5388-7C5A-4122-B6B4-2AB5CED8E555}.Release|Any CPU.ActiveCfg = Release|Any CPU
		{BDCF5388-7C5A-4122-B6B4-2AB5CED8E555}.Release|Any CPU.Build.0 = Release|Any CPU
		{20A2D203-2F21-4A90-8AD6-3FE92F028214}.Debug|Any CPU.ActiveCfg = Debug|Any CPU
		{20A2D203-2F21-4A90-8AD6-3FE92F028214}.Debug|Any CPU.Build.0 = Debug|Any CPU
		{20A2D203-2F21-4A90-8AD6-3FE92F028214}.Release|Any CPU.ActiveCfg = Release|Any CPU
		{20A2D203-2F21-4A90-8AD6-3FE92F028214}.Release|Any CPU.Build.0 = Release|Any CPU
		{87977881-3961-4FCD-BF6E-051300867F3B}.Debug|Any CPU.ActiveCfg = Debug|Any CPU
		{87977881-3961-4FCD-BF6E-051300867F3B}.Debug|Any CPU.Build.0 = Debug|Any CPU
		{87977881-3961-4FCD-BF6E-051300867F3B}.Release|Any CPU.ActiveCfg = Release|Any CPU
		{87977881-3961-4FCD-BF6E-051300867F3B}.Release|Any CPU.Build.0 = Release|Any CPU
	EndGlobalSection
	GlobalSection(SolutionProperties) = preSolution
		HideSolutionNode = FALSE
	EndGlobalSection
	GlobalSection(ExtensibilityGlobals) = postSolution
		SolutionGuid = {13D9ADC6-0A5C-4E20-8402-59E750C1AEF7}
	EndGlobalSection
EndGlobal
