
Microsoft Visual Studio Solution File, Format Version 12.00
# Visual Studio Version 16
VisualStudioVersion = 16.0.32901.82
MinimumVisualStudioVersion = 10.0.40219.1
Project("{FAE04EC0-301F-11D3-BF4B-00C04F79EFBC}") = "01. Integer Operations", "01. Integer Operations.csproj", "{2856C09A-9EB9-474C-933A-0C418DA98233}"
EndProject
Project("{FAE04EC0-301F-11D3-BF4B-00C04F79EFBC}") = "02. Sum Digits", "..\02. Sum Digits\02. Sum Digits.csproj", "{CCC2E617-D480-4D6A-A223-534FE1B45134}"
EndProject
Project("{FAE04EC0-301F-11D3-BF4B-00C04F79EFBC}") = "03. Elevator", "..\03. Elevator\03. Elevator.csproj", "{0EDFA632-557A-4F52-8DD8-96D3E113437E}"
EndProject
Project("{FAE04EC0-301F-11D3-BF4B-00C04F79EFBC}") = "04. Sum of Chars", "..\04. Sum of Chars\04. Sum of Chars.csproj", "{7E30324D-1DD3-44A9-8D8F-6E0517B091C4}"
EndProject
Project("{FAE04EC0-301F-11D3-BF4B-00C04F79EFBC}") = "05. Print Part Of ASCII Table", "..\05. Print Part Of ASCII Table\05. Print Part Of ASCII Table.csproj", "{FA26C926-FC98-402E-AF28-1B2A6F207F1E}"
EndProject
Global
	GlobalSection(SolutionConfigurationPlatforms) = preSolution
		Debug|Any CPU = Debug|Any CPU
		Release|Any CPU = Release|Any CPU
	EndGlobalSection
	GlobalSection(ProjectConfigurationPlatforms) = postSolution
		{2856C09A-9EB9-474C-933A-0C418DA98233}.Debug|Any CPU.ActiveCfg = Debug|Any CPU
		{2856C09A-9EB9-474C-933A-0C418DA98233}.Debug|Any CPU.Build.0 = Debug|Any CPU
		{2856C09A-9EB9-474C-933A-0C418DA98233}.Release|Any CPU.ActiveCfg = Release|Any CPU
		{2856C09A-9EB9-474C-933A-0C418DA98233}.Release|Any CPU.Build.0 = Release|Any CPU
		{CCC2E617-D480-4D6A-A223-534FE1B45134}.Debug|Any CPU.ActiveCfg = Debug|Any CPU
		{CCC2E617-D480-4D6A-A223-534FE1B45134}.Debug|Any CPU.Build.0 = Debug|Any CPU
		{CCC2E617-D480-4D6A-A223-534FE1B45134}.Release|Any CPU.ActiveCfg = Release|Any CPU
		{CCC2E617-D480-4D6A-A223-534FE1B45134}.Release|Any CPU.Build.0 = Release|Any CPU
		{0EDFA632-557A-4F52-8DD8-96D3E113437E}.Debug|Any CPU.ActiveCfg = Debug|Any CPU
		{0EDFA632-557A-4F52-8DD8-96D3E113437E}.Debug|Any CPU.Build.0 = Debug|Any CPU
		{0EDFA632-557A-4F52-8DD8-96D3E113437E}.Release|Any CPU.ActiveCfg = Release|Any CPU
		{0EDFA632-557A-4F52-8DD8-96D3E113437E}.Release|Any CPU.Build.0 = Release|Any CPU
		{7E30324D-1DD3-44A9-8D8F-6E0517B091C4}.Debug|Any CPU.ActiveCfg = Debug|Any CPU
		{7E30324D-1DD3-44A9-8D8F-6E0517B091C4}.Debug|Any CPU.Build.0 = Debug|Any CPU
		{7E30324D-1DD3-44A9-8D8F-6E0517B091C4}.Release|Any CPU.ActiveCfg = Release|Any CPU
		{7E30324D-1DD3-44A9-8D8F-6E0517B091C4}.Release|Any CPU.Build.0 = Release|Any CPU
		{FA26C926-FC98-402E-AF28-1B2A6F207F1E}.Debug|Any CPU.ActiveCfg = Debug|Any CPU
		{FA26C926-FC98-402E-AF28-1B2A6F207F1E}.Debug|Any CPU.Build.0 = Debug|Any CPU
		{FA26C926-FC98-402E-AF28-1B2A6F207F1E}.Release|Any CPU.ActiveCfg = Release|Any CPU
		{FA26C926-FC98-402E-AF28-1B2A6F207F1E}.Release|Any CPU.Build.0 = Release|Any CPU
	EndGlobalSection
	GlobalSection(SolutionProperties) = preSolution
		HideSolutionNode = FALSE
	EndGlobalSection
	GlobalSection(ExtensibilityGlobals) = postSolution
		SolutionGuid = {4E2D72A2-1F7B-4E1F-9D35-A63A1D05789B}
	EndGlobalSection
EndGlobal
