
Microsoft Visual Studio Solution File, Format Version 12.00
# Visual Studio Version 16
VisualStudioVersion = 16.0.32901.82
MinimumVisualStudioVersion = 10.0.40219.1
Project("{FAE04EC0-301F-11D3-BF4B-00C04F79EFBC}") = "01. Data Types", "01. Data Types.csproj", "{E13FDCE5-BB47-4E2B-B9AA-E97FEF9CF466}"
EndProject
Project("{FAE04EC0-301F-11D3-BF4B-00C04F79EFBC}") = "02. Center Point", "..\02. Center Point\02. Center Point.csproj", "{26F1C538-BAA7-40EE-8E6C-13EF96C0FDF5}"
EndProject
Project("{FAE04EC0-301F-11D3-BF4B-00C04F79EFBC}") = "03. Longer Line", "..\03. Longer Line\03. Longer Line.csproj", "{469672A4-A31E-4902-9035-C5A8840E2997}"
EndProject
Project("{FAE04EC0-301F-11D3-BF4B-00C04F79EFBC}") = "04. Tribonacci Sequence", "..\04. Tribonacci Sequence\04. Tribonacci Sequence.csproj", "{EC9796BB-74DE-4474-B89A-64FD1FAB6823}"
EndProject
Project("{FAE04EC0-301F-11D3-BF4B-00C04F79EFBC}") = "05. Multiplication Sign", "..\05. Multiplication Sign\05. Multiplication Sign.csproj", "{DD95DBFA-B4B6-4308-977C-670755A5E1D6}"
EndProject
Global
	GlobalSection(SolutionConfigurationPlatforms) = preSolution
		Debug|Any CPU = Debug|Any CPU
		Release|Any CPU = Release|Any CPU
	EndGlobalSection
	GlobalSection(ProjectConfigurationPlatforms) = postSolution
		{E13FDCE5-BB47-4E2B-B9AA-E97FEF9CF466}.Debug|Any CPU.ActiveCfg = Debug|Any CPU
		{E13FDCE5-BB47-4E2B-B9AA-E97FEF9CF466}.Debug|Any CPU.Build.0 = Debug|Any CPU
		{E13FDCE5-BB47-4E2B-B9AA-E97FEF9CF466}.Release|Any CPU.ActiveCfg = Release|Any CPU
		{E13FDCE5-BB47-4E2B-B9AA-E97FEF9CF466}.Release|Any CPU.Build.0 = Release|Any CPU
		{26F1C538-BAA7-40EE-8E6C-13EF96C0FDF5}.Debug|Any CPU.ActiveCfg = Debug|Any CPU
		{26F1C538-BAA7-40EE-8E6C-13EF96C0FDF5}.Debug|Any CPU.Build.0 = Debug|Any CPU
		{26F1C538-BAA7-40EE-8E6C-13EF96C0FDF5}.Release|Any CPU.ActiveCfg = Release|Any CPU
		{26F1C538-BAA7-40EE-8E6C-13EF96C0FDF5}.Release|Any CPU.Build.0 = Release|Any CPU
		{469672A4-A31E-4902-9035-C5A8840E2997}.Debug|Any CPU.ActiveCfg = Debug|Any CPU
		{469672A4-A31E-4902-9035-C5A8840E2997}.Debug|Any CPU.Build.0 = Debug|Any CPU
		{469672A4-A31E-4902-9035-C5A8840E2997}.Release|Any CPU.ActiveCfg = Release|Any CPU
		{469672A4-A31E-4902-9035-C5A8840E2997}.Release|Any CPU.Build.0 = Release|Any CPU
		{EC9796BB-74DE-4474-B89A-64FD1FAB6823}.Debug|Any CPU.ActiveCfg = Debug|Any CPU
		{EC9796BB-74DE-4474-B89A-64FD1FAB6823}.Debug|Any CPU.Build.0 = Debug|Any CPU
		{EC9796BB-74DE-4474-B89A-64FD1FAB6823}.Release|Any CPU.ActiveCfg = Release|Any CPU
		{EC9796BB-74DE-4474-B89A-64FD1FAB6823}.Release|Any CPU.Build.0 = Release|Any CPU
		{DD95DBFA-B4B6-4308-977C-670755A5E1D6}.Debug|Any CPU.ActiveCfg = Debug|Any CPU
		{DD95DBFA-B4B6-4308-977C-670755A5E1D6}.Debug|Any CPU.Build.0 = Debug|Any CPU
		{DD95DBFA-B4B6-4308-977C-670755A5E1D6}.Release|Any CPU.ActiveCfg = Release|Any CPU
		{DD95DBFA-B4B6-4308-977C-670755A5E1D6}.Release|Any CPU.Build.0 = Release|Any CPU
	EndGlobalSection
	GlobalSection(SolutionProperties) = preSolution
		HideSolutionNode = FALSE
	EndGlobalSection
	GlobalSection(ExtensibilityGlobals) = postSolution
		SolutionGuid = {00A216AF-B227-4095-B959-43A7DF37F194}
	EndGlobalSection
EndGlobal
