
Microsoft Visual Studio Solution File, Format Version 12.00
# Visual Studio Version 16
VisualStudioVersion = 16.0.32901.82
MinimumVisualStudioVersion = 10.0.40219.1
Project("{FAE04EC0-301F-11D3-BF4B-00C04F79EFBC}") = "11. Snowballs", "11. Snowballs.csproj", "{00927A2A-33D7-48AF-AF06-28B38F4010EA}"
EndProject
Project("{FAE04EC0-301F-11D3-BF4B-00C04F79EFBC}") = "04. Sum of Chars", "..\04. Sum of Chars\04. Sum of Chars.csproj", "{515EA653-0F25-44B9-AADF-00C50A516C6A}"
EndProject
Global
	GlobalSection(SolutionConfigurationPlatforms) = preSolution
		Debug|Any CPU = Debug|Any CPU
		Release|Any CPU = Release|Any CPU
	EndGlobalSection
	GlobalSection(ProjectConfigurationPlatforms) = postSolution
		{00927A2A-33D7-48AF-AF06-28B38F4010EA}.Debug|Any CPU.ActiveCfg = Debug|Any CPU
		{00927A2A-33D7-48AF-AF06-28B38F4010EA}.Debug|Any CPU.Build.0 = Debug|Any CPU
		{00927A2A-33D7-48AF-AF06-28B38F4010EA}.Release|Any CPU.ActiveCfg = Release|Any CPU
		{00927A2A-33D7-48AF-AF06-28B38F4010EA}.Release|Any CPU.Build.0 = Release|Any CPU
		{515EA653-0F25-44B9-AADF-00C50A516C6A}.Debug|Any CPU.ActiveCfg = Debug|Any CPU
		{515EA653-0F25-44B9-AADF-00C50A516C6A}.Debug|Any CPU.Build.0 = Debug|Any CPU
		{515EA653-0F25-44B9-AADF-00C50A516C6A}.Release|Any CPU.ActiveCfg = Release|Any CPU
		{515EA653-0F25-44B9-AADF-00C50A516C6A}.Release|Any CPU.Build.0 = Release|Any CPU
	EndGlobalSection
	GlobalSection(SolutionProperties) = preSolution
		HideSolutionNode = FALSE
	EndGlobalSection
	GlobalSection(ExtensibilityGlobals) = postSolution
		SolutionGuid = {0D59BE65-C4A7-4E28-A1DB-677139761F0C}
	EndGlobalSection
EndGlobal
