
Microsoft Visual Studio Solution File, Format Version 12.00
# Visual Studio Version 16
VisualStudioVersion = 16.0.32602.291
MinimumVisualStudioVersion = 10.0.40219.1
Project("{FAE04EC0-301F-11D3-BF4B-00C04F79EFBC}") = "03. Gaming Store", "03. Gaming Store.csproj", "{76D5F7A6-A656-43A3-89DD-223784811F9C}"
EndProject
Global
	GlobalSection(SolutionConfigurationPlatforms) = preSolution
		Debug|Any CPU = Debug|Any CPU
		Release|Any CPU = Release|Any CPU
	EndGlobalSection
	GlobalSection(ProjectConfigurationPlatforms) = postSolution
		{76D5F7A6-A656-43A3-89DD-223784811F9C}.Debug|Any CPU.ActiveCfg = Debug|Any CPU
		{76D5F7A6-A656-43A3-89DD-223784811F9C}.Debug|Any CPU.Build.0 = Debug|Any CPU
		{76D5F7A6-A656-43A3-89DD-223784811F9C}.Release|Any CPU.ActiveCfg = Release|Any CPU
		{76D5F7A6-A656-43A3-89DD-223784811F9C}.Release|Any CPU.Build.0 = Release|Any CPU
	EndGlobalSection
	GlobalSection(SolutionProperties) = preSolution
		HideSolutionNode = FALSE
	EndGlobalSection
	GlobalSection(ExtensibilityGlobals) = postSolution
		SolutionGuid = {3A04628D-4465-47A9-839A-47B00633ED70}
	EndGlobalSection
EndGlobal
