
Microsoft Visual Studio Solution File, Format Version 12.00
# Visual Studio Version 16
VisualStudioVersion = 16.0.32901.82
MinimumVisualStudioVersion = 10.0.40219.1
Project("{FAE04EC0-301F-11D3-BF4B-00C04F79EFBC}") = "11. Orders", "11. Orders.csproj", "{AFBFD240-C1C5-4752-A7AE-8E16B0E1426F}"
EndProject
Project("{FAE04EC0-301F-11D3-BF4B-00C04F79EFBC}") = "09. Padawan Equipment", "..\09. Padawan Equipment\09. Padawan Equipment.csproj", "{58EB065C-51C2-4DB1-B957-F9DA70ED34F1}"
EndProject
Global
	GlobalSection(SolutionConfigurationPlatforms) = preSolution
		Debug|Any CPU = Debug|Any CPU
		Release|Any CPU = Release|Any CPU
	EndGlobalSection
	GlobalSection(ProjectConfigurationPlatforms) = postSolution
		{AFBFD240-C1C5-4752-A7AE-8E16B0E1426F}.Debug|Any CPU.ActiveCfg = Debug|Any CPU
		{AFBFD240-C1C5-4752-A7AE-8E16B0E1426F}.Debug|Any CPU.Build.0 = Debug|Any CPU
		{AFBFD240-C1C5-4752-A7AE-8E16B0E1426F}.Release|Any CPU.ActiveCfg = Release|Any CPU
		{AFBFD240-C1C5-4752-A7AE-8E16B0E1426F}.Release|Any CPU.Build.0 = Release|Any CPU
		{58EB065C-51C2-4DB1-B957-F9DA70ED34F1}.Debug|Any CPU.ActiveCfg = Debug|Any CPU
		{58EB065C-51C2-4DB1-B957-F9DA70ED34F1}.Debug|Any CPU.Build.0 = Debug|Any CPU
		{58EB065C-51C2-4DB1-B957-F9DA70ED34F1}.Release|Any CPU.ActiveCfg = Release|Any CPU
		{58EB065C-51C2-4DB1-B957-F9DA70ED34F1}.Release|Any CPU.Build.0 = Release|Any CPU
	EndGlobalSection
	GlobalSection(SolutionProperties) = preSolution
		HideSolutionNode = FALSE
	EndGlobalSection
	GlobalSection(ExtensibilityGlobals) = postSolution
		SolutionGuid = {60AE638A-0AD1-4861-BBCC-636A0C937BF4}
	EndGlobalSection
EndGlobal
