
Microsoft Visual Studio Solution File, Format Version 12.00
# Visual Studio Version 16
VisualStudioVersion = 16.0.32602.291
MinimumVisualStudioVersion = 10.0.40219.1
Project("{FAE04EC0-301F-11D3-BF4B-00C04F79EFBC}") = "07. Vending Machine", "07. Vending Machine.csproj", "{01CEA5E3-C99E-422B-98D6-0AFEC4206EA4}"
EndProject
Project("{FAE04EC0-301F-11D3-BF4B-00C04F79EFBC}") = "09. Padawan Equipment", "..\09. Padawan Equipment\09. Padawan Equipment.csproj", "{35AFD8CB-C3ED-427A-A8B7-6E40EFFF1469}"
EndProject
Global
	GlobalSection(SolutionConfigurationPlatforms) = preSolution
		Debug|Any CPU = Debug|Any CPU
		Release|Any CPU = Release|Any CPU
	EndGlobalSection
	GlobalSection(ProjectConfigurationPlatforms) = postSolution
		{01CEA5E3-C99E-422B-98D6-0AFEC4206EA4}.Debug|Any CPU.ActiveCfg = Debug|Any CPU
		{01CEA5E3-C99E-422B-98D6-0AFEC4206EA4}.Debug|Any CPU.Build.0 = Debug|Any CPU
		{01CEA5E3-C99E-422B-98D6-0AFEC4206EA4}.Release|Any CPU.ActiveCfg = Release|Any CPU
		{01CEA5E3-C99E-422B-98D6-0AFEC4206EA4}.Release|Any CPU.Build.0 = Release|Any CPU
		{35AFD8CB-C3ED-427A-A8B7-6E40EFFF1469}.Debug|Any CPU.ActiveCfg = Debug|Any CPU
		{35AFD8CB-C3ED-427A-A8B7-6E40EFFF1469}.Debug|Any CPU.Build.0 = Debug|Any CPU
		{35AFD8CB-C3ED-427A-A8B7-6E40EFFF1469}.Release|Any CPU.ActiveCfg = Release|Any CPU
		{35AFD8CB-C3ED-427A-A8B7-6E40EFFF1469}.Release|Any CPU.Build.0 = Release|Any CPU
	EndGlobalSection
	GlobalSection(SolutionProperties) = preSolution
		HideSolutionNode = FALSE
	EndGlobalSection
	GlobalSection(ExtensibilityGlobals) = postSolution
		SolutionGuid = {CF47CB98-FB3E-4DBB-8A04-38457BA9573B}
	EndGlobalSection
EndGlobal
