
Microsoft Visual Studio Solution File, Format Version 12.00
# Visual Studio Version 16
VisualStudioVersion = 16.0.32602.291
MinimumVisualStudioVersion = 10.0.40219.1
Project("{FAE04EC0-301F-11D3-BF4B-00C04F79EFBC}") = "01. Sort Numbers", "01. Sort Numbers.csproj", "{747910A1-B424-436E-A5A6-36DDE35047CD}"
EndProject
Project("{FAE04EC0-301F-11D3-BF4B-00C04F79EFBC}") = "02. English Name of the Last Digit", "..\02. English Name of the Last Digit\02. English Name of the Last Digit.csproj", "{7DFC59C2-6A44-4395-9BE2-96AA87497E33}"
EndProject
Global
	GlobalSection(SolutionConfigurationPlatforms) = preSolution
		Debug|Any CPU = Debug|Any CPU
		Release|Any CPU = Release|Any CPU
	EndGlobalSection
	GlobalSection(ProjectConfigurationPlatforms) = postSolution
		{747910A1-B424-436E-A5A6-36DDE35047CD}.Debug|Any CPU.ActiveCfg = Debug|Any CPU
		{747910A1-B424-436E-A5A6-36DDE35047CD}.Debug|Any CPU.Build.0 = Debug|Any CPU
		{747910A1-B424-436E-A5A6-36DDE35047CD}.Release|Any CPU.ActiveCfg = Release|Any CPU
		{747910A1-B424-436E-A5A6-36DDE35047CD}.Release|Any CPU.Build.0 = Release|Any CPU
		{7DFC59C2-6A44-4395-9BE2-96AA87497E33}.Debug|Any CPU.ActiveCfg = Debug|Any CPU
		{7DFC59C2-6A44-4395-9BE2-96AA87497E33}.Debug|Any CPU.Build.0 = Debug|Any CPU
		{7DFC59C2-6A44-4395-9BE2-96AA87497E33}.Release|Any CPU.ActiveCfg = Release|Any CPU
		{7DFC59C2-6A44-4395-9BE2-96AA87497E33}.Release|Any CPU.Build.0 = Release|Any CPU
	EndGlobalSection
	GlobalSection(SolutionProperties) = preSolution
		HideSolutionNode = FALSE
	EndGlobalSection
	GlobalSection(ExtensibilityGlobals) = postSolution
		SolutionGuid = {AB346865-12EA-4EB4-88F1-7F2F2B922FAD}
	EndGlobalSection
EndGlobal
