
Microsoft Visual Studio Solution File, Format Version 12.00
# Visual Studio Version 16
VisualStudioVersion = 16.0.32602.291
MinimumVisualStudioVersion = 10.0.40219.1
Project("{FAE04EC0-301F-11D3-BF4B-00C04F79EFBC}") = "08. Divisible by 3", "08. Divisible by 3.csproj", "{66655DD2-7D71-4CB5-B805-728C301C9DEB}"
EndProject
Project("{FAE04EC0-301F-11D3-BF4B-00C04F79EFBC}") = "09. Sum of Odd Numbers", "..\09. Sum of Odd Numbers\09. Sum of Odd Numbers.csproj", "{EE5BB637-823A-47EF-BDA7-53E8142A1CC2}"
EndProject
Project("{9A19103F-16F7-4668-BE54-9A1E7A4F7556}") = "07. Theatre Promotion", "..\07. Theatre Promotion\07. Theatre Promotion.csproj", "{BA1317B2-8832-4211-A127-CE028728A1AC}"
EndProject
Project("{FAE04EC0-301F-11D3-BF4B-00C04F79EFBC}") = "10. Multiplication Table", "..\10. Multiplication Table\10. Multiplication Table.csproj", "{E32C2A1E-E068-4969-A425-80D19D9DCDE6}"
EndProject
Project("{FAE04EC0-301F-11D3-BF4B-00C04F79EFBC}") = "11. Multiplication Table 2.0", "..\11. Multiplication Table 2.0\11. Multiplication Table 2.0.csproj", "{9FFD23FA-017A-4F88-8F88-5016920CEC7C}"
EndProject
Project("{FAE04EC0-301F-11D3-BF4B-00C04F79EFBC}") = "12. Even Number", "..\12. Even Number\12. Even Number.csproj", "{4838E589-8AB2-4C5B-84AA-77A492DBFB9F}"
EndProject
Project("{FAE04EC0-301F-11D3-BF4B-00C04F79EFBC}") = "13. Holidays Between Two Dates", "..\13. Holidays Between Two Dates\13. Holidays Between Two Dates.csproj", "{766D3BCB-E72E-4884-BDDA-ADAE6ABE8CDD}"
EndProject
Global
	GlobalSection(SolutionConfigurationPlatforms) = preSolution
		Debug|Any CPU = Debug|Any CPU
		Release|Any CPU = Release|Any CPU
	EndGlobalSection
	GlobalSection(ProjectConfigurationPlatforms) = postSolution
		{66655DD2-7D71-4CB5-B805-728C301C9DEB}.Debug|Any CPU.ActiveCfg = Debug|Any CPU
		{66655DD2-7D71-4CB5-B805-728C301C9DEB}.Debug|Any CPU.Build.0 = Debug|Any CPU
		{66655DD2-7D71-4CB5-B805-728C301C9DEB}.Release|Any CPU.ActiveCfg = Release|Any CPU
		{66655DD2-7D71-4CB5-B805-728C301C9DEB}.Release|Any CPU.Build.0 = Release|Any CPU
		{EE5BB637-823A-47EF-BDA7-53E8142A1CC2}.Debug|Any CPU.ActiveCfg = Debug|Any CPU
		{EE5BB637-823A-47EF-BDA7-53E8142A1CC2}.Debug|Any CPU.Build.0 = Debug|Any CPU
		{EE5BB637-823A-47EF-BDA7-53E8142A1CC2}.Release|Any CPU.ActiveCfg = Release|Any CPU
		{EE5BB637-823A-47EF-BDA7-53E8142A1CC2}.Release|Any CPU.Build.0 = Release|Any CPU
		{BA1317B2-8832-4211-A127-CE028728A1AC}.Debug|Any CPU.ActiveCfg = Debug|Any CPU
		{BA1317B2-8832-4211-A127-CE028728A1AC}.Debug|Any CPU.Build.0 = Debug|Any CPU
		{BA1317B2-8832-4211-A127-CE028728A1AC}.Release|Any CPU.ActiveCfg = Release|Any CPU
		{BA1317B2-8832-4211-A127-CE028728A1AC}.Release|Any CPU.Build.0 = Release|Any CPU
		{E32C2A1E-E068-4969-A425-80D19D9DCDE6}.Debug|Any CPU.ActiveCfg = Debug|Any CPU
		{E32C2A1E-E068-4969-A425-80D19D9DCDE6}.Debug|Any CPU.Build.0 = Debug|Any CPU
		{E32C2A1E-E068-4969-A425-80D19D9DCDE6}.Release|Any CPU.ActiveCfg = Release|Any CPU
		{E32C2A1E-E068-4969-A425-80D19D9DCDE6}.Release|Any CPU.Build.0 = Release|Any CPU
		{9FFD23FA-017A-4F88-8F88-5016920CEC7C}.Debug|Any CPU.ActiveCfg = Debug|Any CPU
		{9FFD23FA-017A-4F88-8F88-5016920CEC7C}.Debug|Any CPU.Build.0 = Debug|Any CPU
		{9FFD23FA-017A-4F88-8F88-5016920CEC7C}.Release|Any CPU.ActiveCfg = Release|Any CPU
		{9FFD23FA-017A-4F88-8F88-5016920CEC7C}.Release|Any CPU.Build.0 = Release|Any CPU
		{4838E589-8AB2-4C5B-84AA-77A492DBFB9F}.Debug|Any CPU.ActiveCfg = Debug|Any CPU
		{4838E589-8AB2-4C5B-84AA-77A492DBFB9F}.Debug|Any CPU.Build.0 = Debug|Any CPU
		{4838E589-8AB2-4C5B-84AA-77A492DBFB9F}.Release|Any CPU.ActiveCfg = Release|Any CPU
		{4838E589-8AB2-4C5B-84AA-77A492DBFB9F}.Release|Any CPU.Build.0 = Release|Any CPU
		{766D3BCB-E72E-4884-BDDA-ADAE6ABE8CDD}.Debug|Any CPU.ActiveCfg = Debug|Any CPU
		{766D3BCB-E72E-4884-BDDA-ADAE6ABE8CDD}.Debug|Any CPU.Build.0 = Debug|Any CPU
		{766D3BCB-E72E-4884-BDDA-ADAE6ABE8CDD}.Release|Any CPU.ActiveCfg = Release|Any CPU
		{766D3BCB-E72E-4884-BDDA-ADAE6ABE8CDD}.Release|Any CPU.Build.0 = Release|Any CPU
	EndGlobalSection
	GlobalSection(SolutionProperties) = preSolution
		HideSolutionNode = FALSE
	EndGlobalSection
	GlobalSection(ExtensibilityGlobals) = postSolution
		SolutionGuid = {32417553-82AF-4291-B201-6559E5F7E7A8}
	EndGlobalSection
EndGlobal
